
Microsoft Visual Studio Solution File, Format Version 12.00
# Visual Studio Version 17
VisualStudioVersion = 17.4.33103.184
MinimumVisualStudioVersion = 10.0.40219.1
Project("{FAE04EC0-301F-11D3-BF4B-00C04F79EFBC}") = "Ex_var_4", "Ex_var_4.csproj", "{DB79AEDA-341E-4EDC-9C34-DA192BEAAB2A}"
EndProject
Global
	GlobalSection(SolutionConfigurationPlatforms) = preSolution
		Debug|Any CPU = Debug|Any CPU
		Release|Any CPU = Release|Any CPU
	EndGlobalSection
	GlobalSection(ProjectConfigurationPlatforms) = postSolution
		{DB79AEDA-341E-4EDC-9C34-DA192BEAAB2A}.Debug|Any CPU.ActiveCfg = Debug|Any CPU
		{DB79AEDA-341E-4EDC-9C34-DA192BEAAB2A}.Debug|Any CPU.Build.0 = Debug|Any CPU
		{DB79AEDA-341E-4EDC-9C34-DA192BEAAB2A}.Release|Any CPU.ActiveCfg = Release|Any CPU
		{DB79AEDA-341E-4EDC-9C34-DA192BEAAB2A}.Release|Any CPU.Build.0 = Release|Any CPU
	EndGlobalSection
	GlobalSection(SolutionProperties) = preSolution
		HideSolutionNode = FALSE
	EndGlobalSection
	GlobalSection(ExtensibilityGlobals) = postSolution
		SolutionGuid = {BFEDE39E-00EB-4967-99E1-518832118B5F}
	EndGlobalSection
EndGlobal
